
Microsoft Visual Studio Solution File, Format Version 12.00
# Visual Studio Version 16
VisualStudioVersion = 16.0.29123.88
MinimumVisualStudioVersion = 10.0.40219.1
Project("{9A19103F-16F7-4668-BE54-9A1E7A4F7556}") = "MockInterviewApp", "MockInterviewApp\MockInterviewApp.csproj", "{7C64E3BE-7BA5-4D00-9846-EA5014FB5697}"
EndProject
Project("{FAE04EC0-301F-11D3-BF4B-00C04F79EFBC}") = "MockInterview.NUnit", "MockInterview.NUnit\MockInterview.NUnit.csproj", "{D1A57D92-C258-4BE9-A42F-001A81B689C2}"
EndProject
Global
	GlobalSection(SolutionConfigurationPlatforms) = preSolution
		Debug|Any CPU = Debug|Any CPU
		Release|Any CPU = Release|Any CPU
	EndGlobalSection
	GlobalSection(ProjectConfigurationPlatforms) = postSolution
		{7C64E3BE-7BA5-4D00-9846-EA5014FB5697}.Debug|Any CPU.ActiveCfg = Debug|Any CPU
		{7C64E3BE-7BA5-4D00-9846-EA5014FB5697}.Debug|Any CPU.Build.0 = Debug|Any CPU
		{7C64E3BE-7BA5-4D00-9846-EA5014FB5697}.Release|Any CPU.ActiveCfg = Release|Any CPU
		{7C64E3BE-7BA5-4D00-9846-EA5014FB5697}.Release|Any CPU.Build.0 = Release|Any CPU
		{D1A57D92-C258-4BE9-A42F-001A81B689C2}.Debug|Any CPU.ActiveCfg = Debug|Any CPU
		{D1A57D92-C258-4BE9-A42F-001A81B689C2}.Debug|Any CPU.Build.0 = Debug|Any CPU
		{D1A57D92-C258-4BE9-A42F-001A81B689C2}.Release|Any CPU.ActiveCfg = Release|Any CPU
		{D1A57D92-C258-4BE9-A42F-001A81B689C2}.Release|Any CPU.Build.0 = Release|Any CPU
	EndGlobalSection
	GlobalSection(SolutionProperties) = preSolution
		HideSolutionNode = FALSE
	EndGlobalSection
	GlobalSection(ExtensibilityGlobals) = postSolution
		SolutionGuid = {F7B8C901-19BE-459E-99A1-225C6FFC1324}
	EndGlobalSection
EndGlobal
